
Microsoft Visual Studio Solution File, Format Version 12.00
# Visual Studio 15
VisualStudioVersion = 15.0.27004.2010
MinimumVisualStudioVersion = 10.0.40219.1
Project("{8BC9CEB8-8B4A-11D0-8D11-00A0C91BC942}") = "CriaAI-Core", "CriaAI-Core\CriaAI-Core.vcxproj", "{5A049547-F971-42A3-9001-95D1405E724D}"
EndProject
Project("{2150E333-8FDC-42A3-9474-1A3956D46DE8}") = "Dependencies", "Dependencies", "{ABFEAD07-8741-448D-A340-0F4B53F9FA2F}"
EndProject
Project("{8BC9CEB8-8B4A-11D0-8D11-00A0C91BC942}") = "pugixml", "Dependencies\pugixml\pugixml.vcxproj", "{07CF01C0-B887-499D-AD9C-799CB6A9FE64}"
EndProject
Project("{8BC9CEB8-8B4A-11D0-8D11-00A0C91BC942}") = "Sandbox", "Sandbox\Sandbox.vcxproj", "{158548D2-4259-48FA-B8B7-DE15F312DEF1}"
EndProject
Project("{8BC9CEB8-8B4A-11D0-8D11-00A0C91BC942}") = "BmpRenderer", "BmpRenderer\BmpRenderer.vcxproj", "{C70C2B11-E244-4AC7-AACC-FEC72E60F2D6}"
EndProject
Global
	GlobalSection(SolutionConfigurationPlatforms) = preSolution
		Debug|x64 = Debug|x64
		Debug|x86 = Debug|x86
		Release|x64 = Release|x64
		Release|x86 = Release|x86
	EndGlobalSection
	GlobalSection(ProjectConfigurationPlatforms) = postSolution
		{5A049547-F971-42A3-9001-95D1405E724D}.Debug|x64.ActiveCfg = Debug|x64
		{5A049547-F971-42A3-9001-95D1405E724D}.Debug|x64.Build.0 = Debug|x64
		{5A049547-F971-42A3-9001-95D1405E724D}.Debug|x86.ActiveCfg = Debug|Win32
		{5A049547-F971-42A3-9001-95D1405E724D}.Debug|x86.Build.0 = Debug|Win32
		{5A049547-F971-42A3-9001-95D1405E724D}.Release|x64.ActiveCfg = Release|x64
		{5A049547-F971-42A3-9001-95D1405E724D}.Release|x64.Build.0 = Release|x64
		{5A049547-F971-42A3-9001-95D1405E724D}.Release|x86.ActiveCfg = Release|Win32
		{5A049547-F971-42A3-9001-95D1405E724D}.Release|x86.Build.0 = Release|Win32
		{07CF01C0-B887-499D-AD9C-799CB6A9FE64}.Debug|x64.ActiveCfg = Release|x64
		{07CF01C0-B887-499D-AD9C-799CB6A9FE64}.Debug|x64.Build.0 = Release|x64
		{07CF01C0-B887-499D-AD9C-799CB6A9FE64}.Debug|x86.ActiveCfg = Release|Win32
		{07CF01C0-B887-499D-AD9C-799CB6A9FE64}.Debug|x86.Build.0 = Release|Win32
		{07CF01C0-B887-499D-AD9C-799CB6A9FE64}.Release|x64.ActiveCfg = Release|x64
		{07CF01C0-B887-499D-AD9C-799CB6A9FE64}.Release|x64.Build.0 = Release|x64
		{07CF01C0-B887-499D-AD9C-799CB6A9FE64}.Release|x86.ActiveCfg = Release|Win32
		{07CF01C0-B887-499D-AD9C-799CB6A9FE64}.Release|x86.Build.0 = Release|Win32
		{158548D2-4259-48FA-B8B7-DE15F312DEF1}.Debug|x64.ActiveCfg = Debug|x64
		{158548D2-4259-48FA-B8B7-DE15F312DEF1}.Debug|x64.Build.0 = Debug|x64
		{158548D2-4259-48FA-B8B7-DE15F312DEF1}.Debug|x86.ActiveCfg = Debug|Win32
		{158548D2-4259-48FA-B8B7-DE15F312DEF1}.Debug|x86.Build.0 = Debug|Win32
		{158548D2-4259-48FA-B8B7-DE15F312DEF1}.Release|x64.ActiveCfg = Release|x64
		{158548D2-4259-48FA-B8B7-DE15F312DEF1}.Release|x64.Build.0 = Release|x64
		{158548D2-4259-48FA-B8B7-DE15F312DEF1}.Release|x86.ActiveCfg = Release|Win32
		{158548D2-4259-48FA-B8B7-DE15F312DEF1}.Release|x86.Build.0 = Release|Win32
		{C70C2B11-E244-4AC7-AACC-FEC72E60F2D6}.Debug|x64.ActiveCfg = Debug|x64
		{C70C2B11-E244-4AC7-AACC-FEC72E60F2D6}.Debug|x64.Build.0 = Debug|x64
		{C70C2B11-E244-4AC7-AACC-FEC72E60F2D6}.Debug|x86.ActiveCfg = Debug|Win32
		{C70C2B11-E244-4AC7-AACC-FEC72E60F2D6}.Debug|x86.Build.0 = Debug|Win32
		{C70C2B11-E244-4AC7-AACC-FEC72E60F2D6}.Release|x64.ActiveCfg = Release|x64
		{C70C2B11-E244-4AC7-AACC-FEC72E60F2D6}.Release|x64.Build.0 = Release|x64
		{C70C2B11-E244-4AC7-AACC-FEC72E60F2D6}.Release|x86.ActiveCfg = Release|Win32
		{C70C2B11-E244-4AC7-AACC-FEC72E60F2D6}.Release|x86.Build.0 = Release|Win32
	EndGlobalSection
	GlobalSection(SolutionProperties) = preSolution
		HideSolutionNode = FALSE
	EndGlobalSection
	GlobalSection(NestedProjects) = preSolution
		{07CF01C0-B887-499D-AD9C-799CB6A9FE64} = {ABFEAD07-8741-448D-A340-0F4B53F9FA2F}
	EndGlobalSection
	GlobalSection(ExtensibilityGlobals) = postSolution
		SolutionGuid = {C4DDD6AD-EEB0-490D-9622-D61CA6A333FF}
	EndGlobalSection
EndGlobal
